PODS:
  - CCurve25519 (1.0.1)
  - CommonCryptoModule (1.0.2)
  - Curve25519 (2.0.0):
    - CCurve25519
  - LibSignalProtocolSwift (1.3):
    - CommonCryptoModule
    - Curve25519
    - SwiftProtobuf
  - SwiftProtobuf (1.12.0)

DEPENDENCIES:
  - LibSignalProtocolSwift

SPEC REPOS:
  trunk:
    - CCurve25519
    - CommonCryptoModule
    - Curve25519
    - LibSignalProtocolSwift
    - SwiftProtobuf

SPEC CHECKSUMS:
  CCurve25519: 70dc9f84124779f020e417d2fc4ba9e58919f074
  CommonCryptoModule: 63a68b57abed79655b3a01011419bf037a05b0a0
  Curve25519: 5f33887c1eeb0308d1e7c4c6721d9907b56e56a3
  LibSignalProtocolSwift: 50b57ba2dd7a279ad8629982997aa11edd8eaed6
  SwiftProtobuf: 4ef85479c18ca85b5482b343df9c319c62bda699

PODFILE CHECKSUM: 5af53c03f7aaed6cae1d57510f8dd09a5620fb53

COCOAPODS: 1.10.0.beta.2
